{
  "requires": true,
  "lockfileVersion": 1,
  "dependencies": {
    "json-ignore": {
      "version": "0.2.0",
      "resolved": "https://registry.npmjs.org/json-ignore/-/json-ignore-0.2.0.tgz",
      "integrity": "sha1-wE4aD0qhgsFAChYJUsg4RI2nVNE=",
      "requires": {
        "reflect-metadata": "0.1.10"
      }
    },
    "reflect-metadata": {
      "version": "0.1.10",
      "resolved": "https://registry.npmjs.org/reflect-metadata/-/reflect-metadata-0.1.10.tgz",
      "integrity": "sha1-tPg3BEFqytiZiMmxVjXUfgO5NEo="
    }
  }
}
